
Microsoft Visual Studio Solution File, Format Version 12.00
# Visual Studio Version 17
VisualStudioVersion = 17.11.35222.181
MinimumVisualStudioVersion = 10.0.40219.1
Project("{FAE04EC0-301F-11D3-BF4B-00C04F79EFBC}") = "SignInClick", "SignInClick\SignInClick.csproj", "{A2714C43-F62D-4015-B3BE-1A9EEC94284F}"
EndProject
Global
	GlobalSection(SolutionConfigurationPlatforms) = preSolution
		Debug|Any CPU = Debug|Any CPU
		Release|Any CPU = Release|Any CPU
	EndGlobalSection
	GlobalSection(ProjectConfigurationPlatforms) = postSolution
		{A2714C43-F62D-4015-B3BE-1A9EEC94284F}.Debug|Any CPU.ActiveCfg = Debug|Any CPU
		{A2714C43-F62D-4015-B3BE-1A9EEC94284F}.Debug|Any CPU.Build.0 = Debug|Any CPU
		{A2714C43-F62D-4015-B3BE-1A9EEC94284F}.Release|Any CPU.ActiveCfg = Release|Any CPU
		{A2714C43-F62D-4015-B3BE-1A9EEC94284F}.Release|Any CPU.Build.0 = Release|Any CPU
	EndGlobalSection
	GlobalSection(SolutionProperties) = preSolution
		HideSolutionNode = FALSE
	EndGlobalSection
	GlobalSection(ExtensibilityGlobals) = postSolution
		SolutionGuid = {195171C1-8B82-4D46-87D9-364E3A60A4B9}
	EndGlobalSection
EndGlobal
